// !$*UTF8*$!
{
	archiveVersion = 1;
	classes = {
	};
	objectVersion = 56;
	objects = {

/* Begin PBXBuildFile section */
		360524A72BE770B400207169 /* RemoteFeedItem.swift in Sources */ = {isa = PBXBuildFile; fileRef = 360524A62BE770B400207169 /* RemoteFeedItem.swift */; };
		360524AA2BE7726200207169 /* LocalFeedImage.swift in Sources */ = {isa = PBXBuildFile; fileRef = 360524A92BE7726200207169 /* LocalFeedImage.swift */; };
		360524AC2BE91A2B00207169 /* LoadFeedFromCacheUseCaseTests.swift in Sources */ = {isa = PBXBuildFile; fileRef = 360524AB2BE91A2B00207169 /* LoadFeedFromCacheUseCaseTests.swift */; };
		360524AF2BE91B5100207169 /* FeedStoreSpy.swift in Sources */ = {isa = PBXBuildFile; fileRef = 360524AE2BE91B5100207169 /* FeedStoreSpy.swift */; };
		3607883B2BFE363100AD763C /* SharedTestHelpers.swift in Sources */ = {isa = PBXBuildFile; fileRef = 36CEFCCC2BF36178009067A3 /* SharedTestHelpers.swift */; };
		3607883C2BFE389D00AD763C /* FeedCacheTestHelpers.swift in Sources */ = {isa = PBXBuildFile; fileRef = 36CEFCC92BF360FF009067A3 /* FeedCacheTestHelpers.swift */; };
		364B61DC2BFE3298003FA491 /* XCTTestCase+MemoryLeakTracking.swift in Sources */ = {isa = PBXBuildFile; fileRef = 83E5A2FF2B765F43008AE4B5 /* XCTTestCase+MemoryLeakTracking.swift */; };
		369BB3E72BFC55EB002F6D4A /* FeedStoreSpecs.swift in Sources */ = {isa = PBXBuildFile; fileRef = 369BB3E52BFC5593002F6D4A /* FeedStoreSpecs.swift */; };
		369BB3E92BFC56B5002F6D4A /* XCTestCase+FeedStoreSpecs.swift in Sources */ = {isa = PBXBuildFile; fileRef = 369BB3E82BFC56B5002F6D4A /* XCTestCase+FeedStoreSpecs.swift */; };
		369BB3EB2BFC5957002F6D4A /* XCTestCase+FailableRetrieveFeedStoreSpecs.swift in Sources */ = {isa = PBXBuildFile; fileRef = 369BB3EA2BFC5957002F6D4A /* XCTestCase+FailableRetrieveFeedStoreSpecs.swift */; };
		369BB3ED2BFC5A30002F6D4A /* XCTestCase+FailableInsertFeedStoreSpecs.swift in Sources */ = {isa = PBXBuildFile; fileRef = 369BB3EC2BFC5A30002F6D4A /* XCTestCase+FailableInsertFeedStoreSpecs.swift */; };
		369BB3EF2BFC5B29002F6D4A /* XCTestCase+FailableDeleteFeedStoreSpecs.swift in Sources */ = {isa = PBXBuildFile; fileRef = 369BB3EE2BFC5B29002F6D4A /* XCTestCase+FailableDeleteFeedStoreSpecs.swift */; };
		369BB3F22BFC717D002F6D4A /* CoreDataFeedStoreTests.swift in Sources */ = {isa = PBXBuildFile; fileRef = 369BB3F12BFC717D002F6D4A /* CoreDataFeedStoreTests.swift */; };
		369BB3F72BFC78E9002F6D4A /* CoreDataFeedStore.swift in Sources */ = {isa = PBXBuildFile; fileRef = 369BB3F62BFC78E9002F6D4A /* CoreDataFeedStore.swift */; };
		369BB3FF2BFC7B5D002F6D4A /* FeedStore.xcdatamodeld in Sources */ = {isa = PBXBuildFile; fileRef = 369BB3FD2BFC7B5D002F6D4A /* FeedStore.xcdatamodeld */; };
		369BB4092BFCE1FC002F6D4A /* EssentialFeedCacheInstegrationTests.swift in Sources */ = {isa = PBXBuildFile; fileRef = 369BB4082BFCE1FC002F6D4A /* EssentialFeedCacheInstegrationTests.swift */; };
		369BB40A2BFCE1FC002F6D4A /* EssentialFeed.framework in Frameworks */ = {isa = PBXBuildFile; fileRef = 833D54882B726A540006B7F8 /* EssentialFeed.framework */; };
		36CEFCC82BF35D84009067A3 /* ValidateFeedCacheUseCaseTests.swift in Sources */ = {isa = PBXBuildFile; fileRef = 36CEFCC72BF35D84009067A3 /* ValidateFeedCacheUseCaseTests.swift */; };
		36CEFCCA2BF360FF009067A3 /* FeedCacheTestHelpers.swift in Sources */ = {isa = PBXBuildFile; fileRef = 36CEFCC92BF360FF009067A3 /* FeedCacheTestHelpers.swift */; };
		36CEFCCD2BF36178009067A3 /* SharedTestHelpers.swift in Sources */ = {isa = PBXBuildFile; fileRef = 36CEFCCC2BF36178009067A3 /* SharedTestHelpers.swift */; };
		36DEAE962BF4A56900663B19 /* FeedCachePolicy.swift in Sources */ = {isa = PBXBuildFile; fileRef = 36DEAE952BF4A56900663B19 /* FeedCachePolicy.swift */; };
		36F591082BF7832C00BAC294 /* CodableFeedStoreTests.swift in Sources */ = {isa = PBXBuildFile; fileRef = 36F591072BF7832C00BAC294 /* CodableFeedStoreTests.swift */; };
		36F5910A2BFA017300BAC294 /* CodableFeedStore.swift in Sources */ = {isa = PBXBuildFile; fileRef = 36F591092BFA017300BAC294 /* CodableFeedStore.swift */; };
		36F66B242BE38A3000E37F6F /* LocalFeedLoader.swift in Sources */ = {isa = PBXBuildFile; fileRef = 36F66B232BE38A3000E37F6F /* LocalFeedLoader.swift */; };
		36F66B262BE38AE500E37F6F /* FeedStore.swift in Sources */ = {isa = PBXBuildFile; fileRef = 36F66B252BE38AE500E37F6F /* FeedStore.swift */; };
		8319A6EF2B7483EB0058422C /* HTTPClient.swift in Sources */ = {isa = PBXBuildFile; fileRef = 8319A6EE2B7483EB0058422C /* HTTPClient.swift */; };
		8319A6F12B74845D0058422C /* FeedItemsMapper.swift in Sources */ = {isa = PBXBuildFile; fileRef = 8319A6F02B74845D0058422C /* FeedItemsMapper.swift */; };
		8319A6F42B74E7F40058422C /* URLSessionsHTTPClientTests.swift in Sources */ = {isa = PBXBuildFile; fileRef = 8319A6F32B74E7F40058422C /* URLSessionsHTTPClientTests.swift */; };
		833D54912B726A540006B7F8 /* EssentialFeed.framework in Frameworks */ = {isa = PBXBuildFile; fileRef = 833D54882B726A540006B7F8 /* EssentialFeed.framework */; };
		833D54A12B726A680006B7F8 /* FeedImage.swift in Sources */ = {isa = PBXBuildFile; fileRef = 833D54A02B726A680006B7F8 /* FeedImage.swift */; };
		833D54A32B726B1B0006B7F8 /* FeedLoader.swift in Sources */ = {isa = PBXBuildFile; fileRef = 833D54A22B726B1B0006B7F8 /* FeedLoader.swift */; };
		833D54A62B726EB70006B7F8 /* LoadFeedFromRemoteUseCaseTests.swift in Sources */ = {isa = PBXBuildFile; fileRef = 833D54A52B726EB70006B7F8 /* LoadFeedFromRemoteUseCaseTests.swift */; };
		83DE59AC2BDD2D5F005B42B8 /* CacheFeedUseCaseTests.swift in Sources */ = {isa = PBXBuildFile; fileRef = 83DE59AB2BDD2D5F005B42B8 /* CacheFeedUseCaseTests.swift */; };
		83E5A3002B765F43008AE4B5 /* XCTTestCase+MemoryLeakTracking.swift in Sources */ = {isa = PBXBuildFile; fileRef = 83E5A2FF2B765F43008AE4B5 /* XCTTestCase+MemoryLeakTracking.swift */; };
		83E5A3022B769CEC008AE4B5 /* URLSessionHTTPClient.swift in Sources */ = {isa = PBXBuildFile; fileRef = 83E5A3012B769CEC008AE4B5 /* URLSessionHTTPClient.swift */; };
		83E5A30B2B76C993008AE4B5 /* EssentialFeedAPIEndToEndTests.swift in Sources */ = {isa = PBXBuildFile; fileRef = 83E5A30A2B76C993008AE4B5 /* EssentialFeedAPIEndToEndTests.swift */; };
		83E5A30C2B76C993008AE4B5 /* EssentialFeed.framework in Frameworks */ = {isa = PBXBuildFile; fileRef = 833D54882B726A540006B7F8 /* EssentialFeed.framework */; };
		83E5A3122B76D403008AE4B5 /* XCTTestCase+MemoryLeakTracking.swift in Sources */ = {isa = PBXBuildFile; fileRef = 83E5A2FF2B765F43008AE4B5 /* XCTTestCase+MemoryLeakTracking.swift */; };
		83EC305C2B739FDD0099F65C /* RemoteFeedLoader.swift in Sources */ = {isa = PBXBuildFile; fileRef = 83EC305B2B739FDD0099F65C /* RemoteFeedLoader.swift */; };
/* End PBXBuildFile section */

/* Begin PBXContainerItemProxy section */
		369BB40B2BFCE1FC002F6D4A /* PBXContainerItemProxy */ = {
			isa = PBXContainerItemProxy;
			containerPortal = 833D547F2B726A540006B7F8 /* Project object */;
			proxyType = 1;
			remoteGlobalIDString = 833D54872B726A540006B7F8;
			remoteInfo = EssentialFeed;
		};
		833D54922B726A540006B7F8 /* PBXContainerItemProxy */ = {
			isa = PBXContainerItemProxy;
			containerPortal = 833D547F2B726A540006B7F8 /* Project object */;
			proxyType = 1;
			remoteGlobalIDString = 833D54872B726A540006B7F8;
			remoteInfo = EssentialFeed;
		};
		83E5A30D2B76C993008AE4B5 /* PBXContainerItemProxy */ = {
			isa = PBXContainerItemProxy;
			containerPortal = 833D547F2B726A540006B7F8 /* Project object */;
			proxyType = 1;
			remoteGlobalIDString = 833D54872B726A540006B7F8;
			remoteInfo = EssentialFeed;
		};
/* End PBXContainerItemProxy section */

/* Begin PBXFileReference section */
		360524A62BE770B400207169 /* RemoteFeedItem.swift */ = {isa = PBXFileReference; lastKnownFileType = sourcecode.swift; path = RemoteFeedItem.swift; sourceTree = "<group>"; };
		360524A92BE7726200207169 /* LocalFeedImage.swift */ = {isa = PBXFileReference; lastKnownFileType = sourcecode.swift; path = LocalFeedImage.swift; sourceTree = "<group>"; };
		360524AB2BE91A2B00207169 /* LoadFeedFromCacheUseCaseTests.swift */ = {isa = PBXFileReference; lastKnownFileType = sourcecode.swift; path = LoadFeedFromCacheUseCaseTests.swift; sourceTree = "<group>"; };
		360524AE2BE91B5100207169 /* FeedStoreSpy.swift */ = {isa = PBXFileReference; lastKnownFileType = sourcecode.swift; path = FeedStoreSpy.swift; sourceTree = "<group>"; };
		369BB3E52BFC5593002F6D4A /* FeedStoreSpecs.swift */ = {isa = PBXFileReference; lastKnownFileType = sourcecode.swift; path = FeedStoreSpecs.swift; sourceTree = "<group>"; };
		369BB3E82BFC56B5002F6D4A /* XCTestCase+FeedStoreSpecs.swift */ = {isa = PBXFileReference; lastKnownFileType = sourcecode.swift; path = "XCTestCase+FeedStoreSpecs.swift"; sourceTree = "<group>"; };
		369BB3EA2BFC5957002F6D4A /* XCTestCase+FailableRetrieveFeedStoreSpecs.swift */ = {isa = PBXFileReference; lastKnownFileType = sourcecode.swift; path = "XCTestCase+FailableRetrieveFeedStoreSpecs.swift"; sourceTree = "<group>"; };
		369BB3EC2BFC5A30002F6D4A /* XCTestCase+FailableInsertFeedStoreSpecs.swift */ = {isa = PBXFileReference; lastKnownFileType = sourcecode.swift; path = "XCTestCase+FailableInsertFeedStoreSpecs.swift"; sourceTree = "<group>"; };
		369BB3EE2BFC5B29002F6D4A /* XCTestCase+FailableDeleteFeedStoreSpecs.swift */ = {isa = PBXFileReference; lastKnownFileType = sourcecode.swift; path = "XCTestCase+FailableDeleteFeedStoreSpecs.swift"; sourceTree = "<group>"; };
		369BB3F12BFC717D002F6D4A /* CoreDataFeedStoreTests.swift */ = {isa = PBXFileReference; lastKnownFileType = sourcecode.swift; path = CoreDataFeedStoreTests.swift; sourceTree = "<group>"; };
		369BB3F62BFC78E9002F6D4A /* CoreDataFeedStore.swift */ = {isa = PBXFileReference; lastKnownFileType = sourcecode.swift; path = CoreDataFeedStore.swift; sourceTree = "<group>"; };
		369BB3FE2BFC7B5D002F6D4A /* FeedStore.xcdatamodel */ = {isa = PBXFileReference; lastKnownFileType = wrapper.xcdatamodel; path = FeedStore.xcdatamodel; sourceTree = "<group>"; };
		369BB4062BFCE1FC002F6D4A /* EssentialFeedCacheInstegrationTests.xctest */ = {isa = PBXFileReference; explicitFileType = wrapper.cfbundle; includeInIndex = 0; path = EssentialFeedCacheInstegrationTests.xctest; sourceTree = BUILT_PRODUCTS_DIR; };
		369BB4082BFCE1FC002F6D4A /* EssentialFeedCacheInstegrationTests.swift */ = {isa = PBXFileReference; lastKnownFileType = sourcecode.swift; path = EssentialFeedCacheInstegrationTests.swift; sourceTree = "<group>"; };
		369BB4102BFCE22F002F6D4A /* EssentialFeedCacheInstegrationTests.xctestplan */ = {isa = PBXFileReference; lastKnownFileType = text; path = EssentialFeedCacheInstegrationTests.xctestplan; sourceTree = "<group>"; };
		36CEFCC72BF35D84009067A3 /* ValidateFeedCacheUseCaseTests.swift */ = {isa = PBXFileReference; lastKnownFileType = sourcecode.swift; path = ValidateFeedCacheUseCaseTests.swift; sourceTree = "<group>"; };
		36CEFCC92BF360FF009067A3 /* FeedCacheTestHelpers.swift */ = {isa = PBXFileReference; lastKnownFileType = sourcecode.swift; path = FeedCacheTestHelpers.swift; sourceTree = "<group>"; };
		36CEFCCC2BF36178009067A3 /* SharedTestHelpers.swift */ = {isa = PBXFileReference; lastKnownFileType = sourcecode.swift; path = SharedTestHelpers.swift; sourceTree = "<group>"; };
		36DEAE952BF4A56900663B19 /* FeedCachePolicy.swift */ = {isa = PBXFileReference; lastKnownFileType = sourcecode.swift; path = FeedCachePolicy.swift; sourceTree = "<group>"; };
		36F591072BF7832C00BAC294 /* CodableFeedStoreTests.swift */ = {isa = PBXFileReference; lastKnownFileType = sourcecode.swift; path = CodableFeedStoreTests.swift; sourceTree = "<group>"; };
		36F591092BFA017300BAC294 /* CodableFeedStore.swift */ = {isa = PBXFileReference; lastKnownFileType = sourcecode.swift; path = CodableFeedStore.swift; sourceTree = "<group>"; };
		36F66B232BE38A3000E37F6F /* LocalFeedLoader.swift */ = {isa = PBXFileReference; lastKnownFileType = sourcecode.swift; path = LocalFeedLoader.swift; sourceTree = "<group>"; };
		36F66B252BE38AE500E37F6F /* FeedStore.swift */ = {isa = PBXFileReference; lastKnownFileType = sourcecode.swift; path = FeedStore.swift; sourceTree = "<group>"; };
		8319A6EE2B7483EB0058422C /* HTTPClient.swift */ = {isa = PBXFileReference; lastKnownFileType = sourcecode.swift; path = HTTPClient.swift; sourceTree = "<group>"; };
		8319A6F02B74845D0058422C /* FeedItemsMapper.swift */ = {isa = PBXFileReference; lastKnownFileType = sourcecode.swift; path = FeedItemsMapper.swift; sourceTree = "<group>"; };
		8319A6F32B74E7F40058422C /* URLSessionsHTTPClientTests.swift */ = {isa = PBXFileReference; lastKnownFileType = sourcecode.swift; path = URLSessionsHTTPClientTests.swift; sourceTree = "<group>"; };
		833D54882B726A540006B7F8 /* EssentialFeed.framework */ = {isa = PBXFileReference; explicitFileType = wrapper.framework; includeInIndex = 0; path = EssentialFeed.framework; sourceTree = BUILT_PRODUCTS_DIR; };
		833D54902B726A540006B7F8 /* EssentialFeedTests.xctest */ = {isa = PBXFileReference; explicitFileType = wrapper.cfbundle; includeInIndex = 0; path = EssentialFeedTests.xctest; sourceTree = BUILT_PRODUCTS_DIR; };
		833D54A02B726A680006B7F8 /* FeedImage.swift */ = {isa = PBXFileReference; lastKnownFileType = sourcecode.swift; path = FeedImage.swift; sourceTree = "<group>"; };
		833D54A22B726B1B0006B7F8 /* FeedLoader.swift */ = {isa = PBXFileReference; lastKnownFileType = sourcecode.swift; path = FeedLoader.swift; sourceTree = "<group>"; };
		833D54A52B726EB70006B7F8 /* LoadFeedFromRemoteUseCaseTests.swift */ = {isa = PBXFileReference; lastKnownFileType = sourcecode.swift; path = LoadFeedFromRemoteUseCaseTests.swift; sourceTree = "<group>"; };
		83DE59AB2BDD2D5F005B42B8 /* CacheFeedUseCaseTests.swift */ = {isa = PBXFileReference; lastKnownFileType = sourcecode.swift; path = CacheFeedUseCaseTests.swift; sourceTree = "<group>"; };
		83E5A2FF2B765F43008AE4B5 /* XCTTestCase+MemoryLeakTracking.swift */ = {isa = PBXFileReference; lastKnownFileType = sourcecode.swift; path = "XCTTestCase+MemoryLeakTracking.swift"; sourceTree = "<group>"; };
		83E5A3012B769CEC008AE4B5 /* URLSessionHTTPClient.swift */ = {isa = PBXFileReference; lastKnownFileType = sourcecode.swift; path = URLSessionHTTPClient.swift; sourceTree = "<group>"; };
		83E5A3032B76C479008AE4B5 /* EssentialFeed.xctestplan */ = {isa = PBXFileReference; lastKnownFileType = text; path = EssentialFeed.xctestplan; sourceTree = "<group>"; };
		83E5A3082B76C993008AE4B5 /* EssentialFeedAPIEndToEndTests.xctest */ = {isa = PBXFileReference; explicitFileType = wrapper.cfbundle; includeInIndex = 0; path = EssentialFeedAPIEndToEndTests.xctest; sourceTree = BUILT_PRODUCTS_DIR; };
		83E5A30A2B76C993008AE4B5 /* EssentialFeedAPIEndToEndTests.swift */ = {isa = PBXFileReference; lastKnownFileType = sourcecode.swift; path = EssentialFeedAPIEndToEndTests.swift; sourceTree = "<group>"; };
		83E5A3132B7723D3008AE4B5 /* CI.xctestplan */ = {isa = PBXFileReference; lastKnownFileType = text; path = CI.xctestplan; sourceTree = "<group>"; };
		83EC305B2B739FDD0099F65C /* RemoteFeedLoader.swift */ = {isa = PBXFileReference; lastKnownFileType = sourcecode.swift; path = RemoteFeedLoader.swift; sourceTree = "<group>"; };
/* End PBXFileReference section */

/* Begin PBXFrameworksBuildPhase section */
		369BB4032BFCE1FC002F6D4A /* Frameworks */ = {
			isa = PBXFrameworksBuildPhase;
			buildActionMask = 2147483647;
			files = (
				369BB40A2BFCE1FC002F6D4A /* EssentialFeed.framework in Frameworks */,
			);
			runOnlyForDeploymentPostprocessing = 0;
		};
		833D54852B726A540006B7F8 /* Frameworks */ = {
			isa = PBXFrameworksBuildPhase;
			buildActionMask = 2147483647;
			files = (
			);
			runOnlyForDeploymentPostprocessing = 0;
		};
		833D548D2B726A540006B7F8 /* Frameworks */ = {
			isa = PBXFrameworksBuildPhase;
			buildActionMask = 2147483647;
			files = (
				833D54912B726A540006B7F8 /* EssentialFeed.framework in Frameworks */,
			);
			runOnlyForDeploymentPostprocessing = 0;
		};
		83E5A3052B76C993008AE4B5 /* Frameworks */ = {
			isa = PBXFrameworksBuildPhase;
			buildActionMask = 2147483647;
			files = (
				83E5A30C2B76C993008AE4B5 /* EssentialFeed.framework in Frameworks */,
			);
			runOnlyForDeploymentPostprocessing = 0;
		};
/* End PBXFrameworksBuildPhase section */

/* Begin PBXGroup section */
		360524AD2BE91B4100207169 /* Helpers */ = {
			isa = PBXGroup;
			children = (
				360524AE2BE91B5100207169 /* FeedStoreSpy.swift */,
				36CEFCC92BF360FF009067A3 /* FeedCacheTestHelpers.swift */,
			);
			path = Helpers;
			sourceTree = "<group>";
		};
		369BB3F02BFC5C4E002F6D4A /* FeedStoreSpecs */ = {
			isa = PBXGroup;
			children = (
				369BB3E52BFC5593002F6D4A /* FeedStoreSpecs.swift */,
				369BB3E82BFC56B5002F6D4A /* XCTestCase+FeedStoreSpecs.swift */,
				369BB3EA2BFC5957002F6D4A /* XCTestCase+FailableRetrieveFeedStoreSpecs.swift */,
				369BB3EC2BFC5A30002F6D4A /* XCTestCase+FailableInsertFeedStoreSpecs.swift */,
				369BB3EE2BFC5B29002F6D4A /* XCTestCase+FailableDeleteFeedStoreSpecs.swift */,
			);
			path = FeedStoreSpecs;
			sourceTree = "<group>";
		};
		369BB4002BFC8B2A002F6D4A /* CoreData */ = {
			isa = PBXGroup;
			children = (
				369BB3F62BFC78E9002F6D4A /* CoreDataFeedStore.swift */,
				369BB3FD2BFC7B5D002F6D4A /* FeedStore.xcdatamodeld */,
			);
			path = CoreData;
			sourceTree = "<group>";
		};
		369BB4012BFC8B49002F6D4A /* Insfrastructure */ = {
			isa = PBXGroup;
			children = (
				369BB4002BFC8B2A002F6D4A /* CoreData */,
			);
			path = Insfrastructure;
			sourceTree = "<group>";
		};
		369BB4072BFCE1FC002F6D4A /* EssentialFeedCacheInstegrationTests */ = {
			isa = PBXGroup;
			children = (
				369BB4082BFCE1FC002F6D4A /* EssentialFeedCacheInstegrationTests.swift */,
			);
			path = EssentialFeedCacheInstegrationTests;
			sourceTree = "<group>";
		};
		36CEFCCB2BF3615F009067A3 /* Helpers */ = {
			isa = PBXGroup;
			children = (
				36CEFCCC2BF36178009067A3 /* SharedTestHelpers.swift */,
			);
			path = Helpers;
			sourceTree = "<group>";
		};
		36F66B222BE38A1000E37F6F /* Feed Cache */ = {
			isa = PBXGroup;
			children = (
				369BB4012BFC8B49002F6D4A /* Insfrastructure */,
				36F66B232BE38A3000E37F6F /* LocalFeedLoader.swift */,
				36F66B252BE38AE500E37F6F /* FeedStore.swift */,
				360524A92BE7726200207169 /* LocalFeedImage.swift */,
				36DEAE952BF4A56900663B19 /* FeedCachePolicy.swift */,
				36F591092BFA017300BAC294 /* CodableFeedStore.swift */,
			);
			path = "Feed Cache";
			sourceTree = "<group>";
		};
		8319A6F22B748CE30058422C /* Feed API */ = {
			isa = PBXGroup;
			children = (
				83E5A2FE2B765F0B008AE4B5 /* Helpers */,
				833D54A52B726EB70006B7F8 /* LoadFeedFromRemoteUseCaseTests.swift */,
				8319A6F32B74E7F40058422C /* URLSessionsHTTPClientTests.swift */,
			);
			path = "Feed API";
			sourceTree = "<group>";
		};
		833D547E2B726A540006B7F8 = {
			isa = PBXGroup;
			children = (
				369BB4102BFCE22F002F6D4A /* EssentialFeedCacheInstegrationTests.xctestplan */,
				83E5A3132B7723D3008AE4B5 /* CI.xctestplan */,
				83E5A3032B76C479008AE4B5 /* EssentialFeed.xctestplan */,
				833D548A2B726A540006B7F8 /* EssentialFeed */,
				833D54942B726A540006B7F8 /* EssentialFeedTests */,
				83E5A3092B76C993008AE4B5 /* EssentialFeedAPIEndToEndTests */,
				369BB4072BFCE1FC002F6D4A /* EssentialFeedCacheInstegrationTests */,
				833D54892B726A540006B7F8 /* Products */,
			);
			sourceTree = "<group>";
		};
		833D54892B726A540006B7F8 /* Products */ = {
			isa = PBXGroup;
			children = (
				833D54882B726A540006B7F8 /* EssentialFeed.framework */,
				833D54902B726A540006B7F8 /* EssentialFeedTests.xctest */,
				83E5A3082B76C993008AE4B5 /* EssentialFeedAPIEndToEndTests.xctest */,
				369BB4062BFCE1FC002F6D4A /* EssentialFeedCacheInstegrationTests.xctest */,
			);
			name = Products;
			sourceTree = "<group>";
		};
		833D548A2B726A540006B7F8 /* EssentialFeed */ = {
			isa = PBXGroup;
			children = (
				833D54A42B726B880006B7F8 /* Feed Feature */,
				83EC305A2B739FC30099F65C /* Feed API */,
				36F66B222BE38A1000E37F6F /* Feed Cache */,
			);
			path = EssentialFeed;
			sourceTree = "<group>";
		};
		833D54942B726A540006B7F8 /* EssentialFeedTests */ = {
			isa = PBXGroup;
			children = (
				36CEFCCB2BF3615F009067A3 /* Helpers */,
				83DE59AA2BDD2BEB005B42B8 /* Feed Cache */,
				8319A6F22B748CE30058422C /* Feed API */,
			);
			path = EssentialFeedTests;
			sourceTree = "<group>";
		};
		833D54A42B726B880006B7F8 /* Feed Feature */ = {
			isa = PBXGroup;
			children = (
				833D54A02B726A680006B7F8 /* FeedImage.swift */,
				833D54A22B726B1B0006B7F8 /* FeedLoader.swift */,
			);
			path = "Feed Feature";
			sourceTree = "<group>";
		};
		83DE59AA2BDD2BEB005B42B8 /* Feed Cache */ = {
			isa = PBXGroup;
			children = (
				360524AD2BE91B4100207169 /* Helpers */,
				369BB3F02BFC5C4E002F6D4A /* FeedStoreSpecs */,
				83DE59AB2BDD2D5F005B42B8 /* CacheFeedUseCaseTests.swift */,
				360524AB2BE91A2B00207169 /* LoadFeedFromCacheUseCaseTests.swift */,
				36CEFCC72BF35D84009067A3 /* ValidateFeedCacheUseCaseTests.swift */,
				36F591072BF7832C00BAC294 /* CodableFeedStoreTests.swift */,
				369BB3F12BFC717D002F6D4A /* CoreDataFeedStoreTests.swift */,
			);
			path = "Feed Cache";
			sourceTree = "<group>";
		};
		83E5A2FE2B765F0B008AE4B5 /* Helpers */ = {
			isa = PBXGroup;
			children = (
				83E5A2FF2B765F43008AE4B5 /* XCTTestCase+MemoryLeakTracking.swift */,
			);
			path = Helpers;
			sourceTree = "<group>";
		};
		83E5A3092B76C993008AE4B5 /* EssentialFeedAPIEndToEndTests */ = {
			isa = PBXGroup;
			children = (
				83E5A30A2B76C993008AE4B5 /* EssentialFeedAPIEndToEndTests.swift */,
			);
			path = EssentialFeedAPIEndToEndTests;
			sourceTree = "<group>";
		};
		83EC305A2B739FC30099F65C /* Feed API */ = {
			isa = PBXGroup;
			children = (
				83EC305B2B739FDD0099F65C /* RemoteFeedLoader.swift */,
				8319A6EE2B7483EB0058422C /* HTTPClient.swift */,
				8319A6F02B74845D0058422C /* FeedItemsMapper.swift */,
				83E5A3012B769CEC008AE4B5 /* URLSessionHTTPClient.swift */,
				360524A62BE770B400207169 /* RemoteFeedItem.swift */,
			);
			path = "Feed API";
			sourceTree = "<group>";
		};
/* End PBXGroup section */

/* Begin PBXHeadersBuildPhase section */
		833D54832B726A540006B7F8 /* Headers */ = {
			isa = PBXHeadersBuildPhase;
			buildActionMask = 2147483647;
			files = (
			);
			runOnlyForDeploymentPostprocessing = 0;
		};
/* End PBXHeadersBuildPhase section */

/* Begin PBXNativeTarget section */
		369BB4052BFCE1FC002F6D4A /* EssentialFeedCacheInstegrationTests */ = {
			isa = PBXNativeTarget;
			buildConfigurationList = 369BB40D2BFCE1FC002F6D4A /* Build configuration list for PBXNativeTarget "EssentialFeedCacheInstegrationTests" */;
			buildPhases = (
				369BB4022BFCE1FC002F6D4A /* Sources */,
				369BB4032BFCE1FC002F6D4A /* Frameworks */,
				369BB4042BFCE1FC002F6D4A /* Resources */,
			);
			buildRules = (
			);
			dependencies = (
				369BB40C2BFCE1FC002F6D4A /* PBXTargetDependency */,
			);
			name = EssentialFeedCacheInstegrationTests;
			productName = EssentialFeedCacheInstegrationTests;
			productReference = 369BB4062BFCE1FC002F6D4A /* EssentialFeedCacheInstegrationTests.xctest */;
			productType = "com.apple.product-type.bundle.unit-test";
		};
		833D54872B726A540006B7F8 /* EssentialFeed */ = {
			isa = PBXNativeTarget;
			buildConfigurationList = 833D549A2B726A540006B7F8 /* Build configuration list for PBXNativeTarget "EssentialFeed" */;
			buildPhases = (
				833D54832B726A540006B7F8 /* Headers */,
				833D54842B726A540006B7F8 /* Sources */,
				833D54852B726A540006B7F8 /* Frameworks */,
				833D54862B726A540006B7F8 /* Resources */,
			);
			buildRules = (
			);
			dependencies = (
			);
			name = EssentialFeed;
			productName = EssentialFeed;
			productReference = 833D54882B726A540006B7F8 /* EssentialFeed.framework */;
			productType = "com.apple.product-type.framework";
		};
		833D548F2B726A540006B7F8 /* EssentialFeedTests */ = {
			isa = PBXNativeTarget;
			buildConfigurationList = 833D549D2B726A540006B7F8 /* Build configuration list for PBXNativeTarget "EssentialFeedTests" */;
			buildPhases = (
				833D548C2B726A540006B7F8 /* Sources */,
				833D548D2B726A540006B7F8 /* Frameworks */,
				833D548E2B726A540006B7F8 /* Resources */,
			);
			buildRules = (
			);
			dependencies = (
				833D54932B726A540006B7F8 /* PBXTargetDependency */,
			);
			name = EssentialFeedTests;
			productName = EssentialFeedTests;
			productReference = 833D54902B726A540006B7F8 /* EssentialFeedTests.xctest */;
			productType = "com.apple.product-type.bundle.unit-test";
		};
		83E5A3072B76C993008AE4B5 /* EssentialFeedAPIEndToEndTests */ = {
			isa = PBXNativeTarget;
			buildConfigurationList = 83E5A30F2B76C993008AE4B5 /* Build configuration list for PBXNativeTarget "EssentialFeedAPIEndToEndTests" */;
			buildPhases = (
				83E5A3042B76C993008AE4B5 /* Sources */,
				83E5A3052B76C993008AE4B5 /* Frameworks */,
				83E5A3062B76C993008AE4B5 /* Resources */,
			);
			buildRules = (
			);
			dependencies = (
				83E5A30E2B76C993008AE4B5 /* PBXTargetDependency */,
			);
			name = EssentialFeedAPIEndToEndTests;
			productName = EssentialFeedAPIEndToEndTests;
			productReference = 83E5A3082B76C993008AE4B5 /* EssentialFeedAPIEndToEndTests.xctest */;
			productType = "com.apple.product-type.bundle.unit-test";
		};
/* End PBXNativeTarget section */

/* Begin PBXProject section */
		833D547F2B726A540006B7F8 /* Project object */ = {
			isa = PBXProject;
			attributes = {
				BuildIndependentTargetsInParallel = 1;
				LastSwiftUpdateCheck = 1520;
				LastUpgradeCheck = 1520;
				TargetAttributes = {
					369BB4052BFCE1FC002F6D4A = {
						CreatedOnToolsVersion = 15.2;
					};
					833D54872B726A540006B7F8 = {
						CreatedOnToolsVersion = 15.0;
						LastSwiftMigration = 1500;
					};
					833D548F2B726A540006B7F8 = {
						CreatedOnToolsVersion = 15.0;
						LastSwiftMigration = 1500;
					};
					83E5A3072B76C993008AE4B5 = {
						CreatedOnToolsVersion = 15.0;
					};
				};
			};
			buildConfigurationList = 833D54822B726A540006B7F8 /* Build configuration list for PBXProject "EssentialFeed" */;
			compatibilityVersion = "Xcode 14.0";
			developmentRegion = en;
			hasScannedForEncodings = 0;
			knownRegions = (
				en,
				Base,
			);
			mainGroup = 833D547E2B726A540006B7F8;
			productRefGroup = 833D54892B726A540006B7F8 /* Products */;
			projectDirPath = "";
			projectRoot = "";
			targets = (
				833D54872B726A540006B7F8 /* EssentialFeed */,
				833D548F2B726A540006B7F8 /* EssentialFeedTests */,
				83E5A3072B76C993008AE4B5 /* EssentialFeedAPIEndToEndTests */,
				369BB4052BFCE1FC002F6D4A /* EssentialFeedCacheInstegrationTests */,
			);
		};
/* End PBXProject section */

/* Begin PBXResourcesBuildPhase section */
		369BB4042BFCE1FC002F6D4A /* Resources */ = {
			isa = PBXResourcesBuildPhase;
			buildActionMask = 2147483647;
			files = (
			);
			runOnlyForDeploymentPostprocessing = 0;
		};
		833D54862B726A540006B7F8 /* Resources */ = {
			isa = PBXResourcesBuildPhase;
			buildActionMask = 2147483647;
			files = (
			);
			runOnlyForDeploymentPostprocessing = 0;
		};
		833D548E2B726A540006B7F8 /* Resources */ = {
			isa = PBXResourcesBuildPhase;
			buildActionMask = 2147483647;
			files = (
			);
			runOnlyForDeploymentPostprocessing = 0;
		};
		83E5A3062B76C993008AE4B5 /* Resources */ = {
			isa = PBXResourcesBuildPhase;
			buildActionMask = 2147483647;
			files = (
			);
			runOnlyForDeploymentPostprocessing = 0;
		};
/* End PBXResourcesBuildPhase section */

/* Begin PBXSourcesBuildPhase section */
		369BB4022BFCE1FC002F6D4A /* Sources */ = {
			isa = PBXSourcesBuildPhase;
			buildActionMask = 2147483647;
			files = (
				3607883C2BFE389D00AD763C /* FeedCacheTestHelpers.swift in Sources */,
				364B61DC2BFE3298003FA491 /* XCTTestCase+MemoryLeakTracking.swift in Sources */,
				369BB4092BFCE1FC002F6D4A /* EssentialFeedCacheInstegrationTests.swift in Sources */,
				3607883B2BFE363100AD763C /* SharedTestHelpers.swift in Sources */,
			);
			runOnlyForDeploymentPostprocessing = 0;
		};
		833D54842B726A540006B7F8 /* Sources */ = {
			isa = PBXSourcesBuildPhase;
			buildActionMask = 2147483647;
			files = (
				8319A6F12B74845D0058422C /* FeedItemsMapper.swift in Sources */,
				833D54A32B726B1B0006B7F8 /* FeedLoader.swift in Sources */,
				360524A72BE770B400207169 /* RemoteFeedItem.swift in Sources */,
				36DEAE962BF4A56900663B19 /* FeedCachePolicy.swift in Sources */,
				83EC305C2B739FDD0099F65C /* RemoteFeedLoader.swift in Sources */,
				369BB3FF2BFC7B5D002F6D4A /* FeedStore.xcdatamodeld in Sources */,
				369BB3F72BFC78E9002F6D4A /* CoreDataFeedStore.swift in Sources */,
				360524AA2BE7726200207169 /* LocalFeedImage.swift in Sources */,
				36F66B262BE38AE500E37F6F /* FeedStore.swift in Sources */,
				36F66B242BE38A3000E37F6F /* LocalFeedLoader.swift in Sources */,
				36F5910A2BFA017300BAC294 /* CodableFeedStore.swift in Sources */,
				8319A6EF2B7483EB0058422C /* HTTPClient.swift in Sources */,
				833D54A12B726A680006B7F8 /* FeedImage.swift in Sources */,
				83E5A3022B769CEC008AE4B5 /* URLSessionHTTPClient.swift in Sources */,
			);
			runOnlyForDeploymentPostprocessing = 0;
		};
		833D548C2B726A540006B7F8 /* Sources */ = {
			isa = PBXSourcesBuildPhase;
			buildActionMask = 2147483647;
			files = (
				36F591082BF7832C00BAC294 /* CodableFeedStoreTests.swift in Sources */,
				36CEFCCA2BF360FF009067A3 /* FeedCacheTestHelpers.swift in Sources */,
				36CEFCC82BF35D84009067A3 /* ValidateFeedCacheUseCaseTests.swift in Sources */,
				8319A6F42B74E7F40058422C /* URLSessionsHTTPClientTests.swift in Sources */,
				369BB3ED2BFC5A30002F6D4A /* XCTestCase+FailableInsertFeedStoreSpecs.swift in Sources */,
				833D54A62B726EB70006B7F8 /* LoadFeedFromRemoteUseCaseTests.swift in Sources */,
				360524AF2BE91B5100207169 /* FeedStoreSpy.swift in Sources */,
				36CEFCCD2BF36178009067A3 /* SharedTestHelpers.swift in Sources */,
				83DE59AC2BDD2D5F005B42B8 /* CacheFeedUseCaseTests.swift in Sources */,
				369BB3EF2BFC5B29002F6D4A /* XCTestCase+FailableDeleteFeedStoreSpecs.swift in Sources */,
				369BB3EB2BFC5957002F6D4A /* XCTestCase+FailableRetrieveFeedStoreSpecs.swift in Sources */,
				360524AC2BE91A2B00207169 /* LoadFeedFromCacheUseCaseTests.swift in Sources */,
				369BB3E72BFC55EB002F6D4A /* FeedStoreSpecs.swift in Sources */,
				83E5A3002B765F43008AE4B5 /* XCTTestCase+MemoryLeakTracking.swift in Sources */,
				369BB3F22BFC717D002F6D4A /* CoreDataFeedStoreTests.swift in Sources */,
				369BB3E92BFC56B5002F6D4A /* XCTestCase+FeedStoreSpecs.swift in Sources */,
			);
			runOnlyForDeploymentPostprocessing = 0;
		};
		83E5A3042B76C993008AE4B5 /* Sources */ = {
			isa = PBXSourcesBuildPhase;
			buildActionMask = 2147483647;
			files = (
				83E5A3122B76D403008AE4B5 /* XCTTestCase+MemoryLeakTracking.swift in Sources */,
				83E5A30B2B76C993008AE4B5 /* EssentialFeedAPIEndToEndTests.swift in Sources */,
			);
			runOnlyForDeploymentPostprocessing = 0;
		};
/* End PBXSourcesBuildPhase section */

/* Begin PBXTargetDependency section */
		369BB40C2BFCE1FC002F6D4A /* PBXTargetDependency */ = {
			isa = PBXTargetDependency;
			target = 833D54872B726A540006B7F8 /* EssentialFeed */;
			targetProxy = 369BB40B2BFCE1FC002F6D4A /* PBXContainerItemProxy */;
		};
		833D54932B726A540006B7F8 /* PBXTargetDependency */ = {
			isa = PBXTargetDependency;
			target = 833D54872B726A540006B7F8 /* EssentialFeed */;
			targetProxy = 833D54922B726A540006B7F8 /* PBXContainerItemProxy */;
		};
		83E5A30E2B76C993008AE4B5 /* PBXTargetDependency */ = {
			isa = PBXTargetDependency;
			target = 833D54872B726A540006B7F8 /* EssentialFeed */;
			targetProxy = 83E5A30D2B76C993008AE4B5 /* PBXContainerItemProxy */;
		};
/* End PBXTargetDependency section */

/* Begin XCBuildConfiguration section */
		369BB40E2BFCE1FC002F6D4A /* Debug */ = {
			isa = XCBuildConfiguration;
			buildSettings = {
				CODE_SIGN_STYLE = Automatic;
				CURRENT_PROJECT_VERSION = 1;
				DEVELOPMENT_TEAM = WZB5R9B92Y;
				GENERATE_INFOPLIST_FILE = YES;
				MACOSX_DEPLOYMENT_TARGET = 13.6;
				MARKETING_VERSION = 1.0;
				PRODUCT_BUNDLE_IDENTIFIER = com.amin.faruq.EssentialFeedCacheInstegrationTests;
				PRODUCT_NAME = "$(TARGET_NAME)";
				SWIFT_EMIT_LOC_STRINGS = NO;
				SWIFT_VERSION = 5.0;
			};
			name = Debug;
		};
		369BB40F2BFCE1FC002F6D4A /* Release */ = {
			isa = XCBuildConfiguration;
			buildSettings = {
				CODE_SIGN_STYLE = Automatic;
				CURRENT_PROJECT_VERSION = 1;
				DEVELOPMENT_TEAM = WZB5R9B92Y;
				GENERATE_INFOPLIST_FILE = YES;
				MACOSX_DEPLOYMENT_TARGET = 13.6;
				MARKETING_VERSION = 1.0;
				PRODUCT_BUNDLE_IDENTIFIER = com.amin.faruq.EssentialFeedCacheInstegrationTests;
				PRODUCT_NAME = "$(TARGET_NAME)";
				SWIFT_EMIT_LOC_STRINGS = NO;
				SWIFT_VERSION = 5.0;
			};
			name = Release;
		};
		833D54982B726A540006B7F8 /* Debug */ = {
			isa = XCBuildConfiguration;
			buildSettings = {
				ALWAYS_SEARCH_USER_PATHS = NO;
				ASSETCATALOG_COMPILER_GENERATE_SWIFT_ASSET_SYMBOL_EXTENSIONS = YES;
				CLANG_ANALYZER_NONNULL = YES;
				CLANG_ANALYZER_NUMBER_OBJECT_CONVERSION = YES_AGGRESSIVE;
				CLANG_CXX_LANGUAGE_STANDARD = "gnu++20";
				CLANG_ENABLE_MODULES = YES;
				CLANG_ENABLE_OBJC_ARC = YES;
				CLANG_ENABLE_OBJC_WEAK = YES;
				CLANG_WARN_BLOCK_CAPTURE_AUTORELEASING = YES;
				CLANG_WARN_BOOL_CONVERSION = YES;
				CLANG_WARN_COMMA = YES;
				CLANG_WARN_CONSTANT_CONVERSION = YES;
				CLANG_WARN_DEPRECATED_OBJC_IMPLEMENTATIONS = YES;
				CLANG_WARN_DIRECT_OBJC_ISA_USAGE = YES_ERROR;
				CLANG_WARN_DOCUMENTATION_COMMENTS = YES;
				CLANG_WARN_EMPTY_BODY = YES;
				CLANG_WARN_ENUM_CONVERSION = YES;
				CLANG_WARN_INFINITE_RECURSION = YES;
				CLANG_WARN_INT_CONVERSION = YES;
				CLANG_WARN_NON_LITERAL_NULL_CONVERSION = YES;
				CLANG_WARN_OBJC_IMPLICIT_RETAIN_SELF = YES;
				CLANG_WARN_OBJC_LITERAL_CONVERSION = YES;
				CLANG_WARN_OBJC_ROOT_CLASS = YES_ERROR;
				CLANG_WARN_QUOTED_INCLUDE_IN_FRAMEWORK_HEADER = YES;
				CLANG_WARN_RANGE_LOOP_ANALYSIS = YES;
				CLANG_WARN_STRICT_PROTOTYPES = YES;
				CLANG_WARN_SUSPICIOUS_MOVE = YES;
				CLANG_WARN_UNGUARDED_AVAILABILITY = YES_AGGRESSIVE;
				CLANG_WARN_UNREACHABLE_CODE = YES;
				CLANG_WARN__DUPLICATE_METHOD_MATCH = YES;
				COPY_PHASE_STRIP = NO;
				CURRENT_PROJECT_VERSION = 1;
				DEAD_CODE_STRIPPING = YES;
				DEBUG_INFORMATION_FORMAT = dwarf;
				ENABLE_STRICT_OBJC_MSGSEND = YES;
				ENABLE_TESTABILITY = YES;
				ENABLE_USER_SCRIPT_SANDBOXING = YES;
				GCC_C_LANGUAGE_STANDARD = gnu17;
				GCC_DYNAMIC_NO_PIC = NO;
				GCC_NO_COMMON_BLOCKS = YES;
				GCC_OPTIMIZATION_LEVEL = 0;
				GCC_PREPROCESSOR_DEFINITIONS = (
					"DEBUG=1",
					"$(inherited)",
				);
				GCC_WARN_64_TO_32_BIT_CONVERSION = YES;
				GCC_WARN_ABOUT_RETURN_TYPE = YES_ERROR;
				GCC_WARN_UNDECLARED_SELECTOR = YES;
				GCC_WARN_UNINITIALIZED_AUTOS = YES_AGGRESSIVE;
				GCC_WARN_UNUSED_FUNCTION = YES;
				GCC_WARN_UNUSED_VARIABLE = YES;
				LOCALIZATION_PREFERS_STRING_CATALOGS = YES;
				MACOSX_DEPLOYMENT_TARGET = 12.7.2;
				MTL_ENABLE_DEBUG_INFO = INCLUDE_SOURCE;
				MTL_FAST_MATH = YES;
				ONLY_ACTIVE_ARCH = YES;
				SDKROOT = macosx;
				SWIFT_ACTIVE_COMPILATION_CONDITIONS = "DEBUG $(inherited)";
				SWIFT_OPTIMIZATION_LEVEL = "-Onone";
				VERSIONING_SYSTEM = "apple-generic";
				VERSION_INFO_PREFIX = "";
			};
			name = Debug;
		};
		833D54992B726A540006B7F8 /* Release */ = {
			isa = XCBuildConfiguration;
			buildSettings = {
				ALWAYS_SEARCH_USER_PATHS = NO;
				ASSETCATALOG_COMPILER_GENERATE_SWIFT_ASSET_SYMBOL_EXTENSIONS = YES;
				CLANG_ANALYZER_NONNULL = YES;
				CLANG_ANALYZER_NUMBER_OBJECT_CONVERSION = YES_AGGRESSIVE;
				CLANG_CXX_LANGUAGE_STANDARD = "gnu++20";
				CLANG_ENABLE_MODULES = YES;
				CLANG_ENABLE_OBJC_ARC = YES;
				CLANG_ENABLE_OBJC_WEAK = YES;
				CLANG_WARN_BLOCK_CAPTURE_AUTORELEASING = YES;
				CLANG_WARN_BOOL_CONVERSION = YES;
				CLANG_WARN_COMMA = YES;
				CLANG_WARN_CONSTANT_CONVERSION = YES;
				CLANG_WARN_DEPRECATED_OBJC_IMPLEMENTATIONS = YES;
				CLANG_WARN_DIRECT_OBJC_ISA_USAGE = YES_ERROR;
				CLANG_WARN_DOCUMENTATION_COMMENTS = YES;
				CLANG_WARN_EMPTY_BODY = YES;
				CLANG_WARN_ENUM_CONVERSION = YES;
				CLANG_WARN_INFINITE_RECURSION = YES;
				CLANG_WARN_INT_CONVERSION = YES;
				CLANG_WARN_NON_LITERAL_NULL_CONVERSION = YES;
				CLANG_WARN_OBJC_IMPLICIT_RETAIN_SELF = YES;
				CLANG_WARN_OBJC_LITERAL_CONVERSION = YES;
				CLANG_WARN_OBJC_ROOT_CLASS = YES_ERROR;
				CLANG_WARN_QUOTED_INCLUDE_IN_FRAMEWORK_HEADER = YES;
				CLANG_WARN_RANGE_LOOP_ANALYSIS = YES;
				CLANG_WARN_STRICT_PROTOTYPES = YES;
				CLANG_WARN_SUSPICIOUS_MOVE = YES;
				CLANG_WARN_UNGUARDED_AVAILABILITY = YES_AGGRESSIVE;
				CLANG_WARN_UNREACHABLE_CODE = YES;
				CLANG_WARN__DUPLICATE_METHOD_MATCH = YES;
				COPY_PHASE_STRIP = NO;
				CURRENT_PROJECT_VERSION = 1;
				DEAD_CODE_STRIPPING = YES;
				DEBUG_INFORMATION_FORMAT = "dwarf-with-dsym";
				ENABLE_NS_ASSERTIONS = NO;
				ENABLE_STRICT_OBJC_MSGSEND = YES;
				ENABLE_USER_SCRIPT_SANDBOXING = YES;
				GCC_C_LANGUAGE_STANDARD = gnu17;
				GCC_NO_COMMON_BLOCKS = YES;
				GCC_WARN_64_TO_32_BIT_CONVERSION = YES;
				GCC_WARN_ABOUT_RETURN_TYPE = YES_ERROR;
				GCC_WARN_UNDECLARED_SELECTOR = YES;
				GCC_WARN_UNINITIALIZED_AUTOS = YES_AGGRESSIVE;
				GCC_WARN_UNUSED_FUNCTION = YES;
				GCC_WARN_UNUSED_VARIABLE = YES;
				LOCALIZATION_PREFERS_STRING_CATALOGS = YES;
				MACOSX_DEPLOYMENT_TARGET = 12.7.2;
				MTL_ENABLE_DEBUG_INFO = NO;
				MTL_FAST_MATH = YES;
				SDKROOT = macosx;
				SWIFT_COMPILATION_MODE = wholemodule;
				VERSIONING_SYSTEM = "apple-generic";
				VERSION_INFO_PREFIX = "";
			};
			name = Release;
		};
		833D549B2B726A540006B7F8 /* Debug */ = {
			isa = XCBuildConfiguration;
			buildSettings = {
				CLANG_ENABLE_MODULES = YES;
				CODE_SIGN_IDENTITY = "";
				CODE_SIGN_STYLE = Automatic;
				COMBINE_HIDPI_IMAGES = YES;
				CURRENT_PROJECT_VERSION = 1;
				DEAD_CODE_STRIPPING = YES;
				DEFINES_MODULE = YES;
				DEVELOPMENT_TEAM = WZB5R9B92Y;
				DYLIB_COMPATIBILITY_VERSION = 1;
				DYLIB_CURRENT_VERSION = 1;
				DYLIB_INSTALL_NAME_BASE = "@rpath";
				ENABLE_MODULE_VERIFIER = YES;
				GENERATE_INFOPLIST_FILE = YES;
				INFOPLIST_KEY_NSHumanReadableCopyright = "";
				INSTALL_PATH = "$(LOCAL_LIBRARY_DIR)/Frameworks";
				LD_RUNPATH_SEARCH_PATHS = (
					"$(inherited)",
					"@executable_path/../Frameworks",
					"@loader_path/Frameworks",
				);
				MACOSX_DEPLOYMENT_TARGET = 12.7.2;
				MARKETING_VERSION = 1.0;
				MODULE_VERIFIER_SUPPORTED_LANGUAGES = "objective-c objective-c++";
				MODULE_VERIFIER_SUPPORTED_LANGUAGE_STANDARDS = "gnu17 gnu++20";
				PRODUCT_BUNDLE_IDENTIFIER = co.id.aminfaruq.EssentialFeed;
				PRODUCT_NAME = "$(TARGET_NAME:c99extidentifier)";
				SKIP_INSTALL = YES;
				SWIFT_EMIT_LOC_STRINGS = YES;
				SWIFT_OPTIMIZATION_LEVEL = "-Onone";
				SWIFT_VERSION = 5.0;
			};
			name = Debug;
		};
		833D549C2B726A540006B7F8 /* Release */ = {
			isa = XCBuildConfiguration;
			buildSettings = {
				CLANG_ENABLE_MODULES = YES;
				CODE_SIGN_IDENTITY = "";
				CODE_SIGN_STYLE = Automatic;
				COMBINE_HIDPI_IMAGES = YES;
				CURRENT_PROJECT_VERSION = 1;
				DEAD_CODE_STRIPPING = YES;
				DEFINES_MODULE = YES;
				DEVELOPMENT_TEAM = WZB5R9B92Y;
				DYLIB_COMPATIBILITY_VERSION = 1;
				DYLIB_CURRENT_VERSION = 1;
				DYLIB_INSTALL_NAME_BASE = "@rpath";
				ENABLE_MODULE_VERIFIER = YES;
				GENERATE_INFOPLIST_FILE = YES;
				INFOPLIST_KEY_NSHumanReadableCopyright = "";
				INSTALL_PATH = "$(LOCAL_LIBRARY_DIR)/Frameworks";
				LD_RUNPATH_SEARCH_PATHS = (
					"$(inherited)",
					"@executable_path/../Frameworks",
					"@loader_path/Frameworks",
				);
				MACOSX_DEPLOYMENT_TARGET = 12.7.2;
				MARKETING_VERSION = 1.0;
				MODULE_VERIFIER_SUPPORTED_LANGUAGES = "objective-c objective-c++";
				MODULE_VERIFIER_SUPPORTED_LANGUAGE_STANDARDS = "gnu17 gnu++20";
				PRODUCT_BUNDLE_IDENTIFIER = co.id.aminfaruq.EssentialFeed;
				PRODUCT_NAME = "$(TARGET_NAME:c99extidentifier)";
				SKIP_INSTALL = YES;
				SWIFT_EMIT_LOC_STRINGS = YES;
				SWIFT_VERSION = 5.0;
			};
			name = Release;
		};
		833D549E2B726A540006B7F8 /* Debug */ = {
			isa = XCBuildConfiguration;
			buildSettings = {
				ALWAYS_EMBED_SWIFT_STANDARD_LIBRARIES = YES;
				CLANG_ENABLE_MODULES = YES;
				CODE_SIGN_STYLE = Automatic;
				CURRENT_PROJECT_VERSION = 1;
				DEAD_CODE_STRIPPING = YES;
				DEVELOPMENT_TEAM = WZB5R9B92Y;
				GENERATE_INFOPLIST_FILE = YES;
				MACOSX_DEPLOYMENT_TARGET = 12.7.2;
				MARKETING_VERSION = 1.0;
				PRODUCT_BUNDLE_IDENTIFIER = co.id.aminfaruq.EssentialFeedTests;
				PRODUCT_NAME = "$(TARGET_NAME)";
				SWIFT_EMIT_LOC_STRINGS = NO;
				SWIFT_OPTIMIZATION_LEVEL = "-Onone";
				SWIFT_VERSION = 5.0;
			};
			name = Debug;
		};
		833D549F2B726A540006B7F8 /* Release */ = {
			isa = XCBuildConfiguration;
			buildSettings = {
				ALWAYS_EMBED_SWIFT_STANDARD_LIBRARIES = YES;
				CLANG_ENABLE_MODULES = YES;
				CODE_SIGN_STYLE = Automatic;
				CURRENT_PROJECT_VERSION = 1;
				DEAD_CODE_STRIPPING = YES;
				DEVELOPMENT_TEAM = WZB5R9B92Y;
				GENERATE_INFOPLIST_FILE = YES;
				MACOSX_DEPLOYMENT_TARGET = 12.7.2;
				MARKETING_VERSION = 1.0;
				PRODUCT_BUNDLE_IDENTIFIER = co.id.aminfaruq.EssentialFeedTests;
				PRODUCT_NAME = "$(TARGET_NAME)";
				SWIFT_EMIT_LOC_STRINGS = NO;
				SWIFT_VERSION = 5.0;
			};
			name = Release;
		};
		83E5A3102B76C993008AE4B5 /* Debug */ = {
			isa = XCBuildConfiguration;
			buildSettings = {
				CODE_SIGN_STYLE = Automatic;
				CURRENT_PROJECT_VERSION = 1;
				DEAD_CODE_STRIPPING = YES;
				DEVELOPMENT_TEAM = WZB5R9B92Y;
				GENERATE_INFOPLIST_FILE = YES;
				MACOSX_DEPLOYMENT_TARGET = 12.7.2;
				MARKETING_VERSION = 1.0;
				PRODUCT_BUNDLE_IDENTIFIER = co.id.aminfaruq.EssentialFeedAPIEndToEndTests;
				PRODUCT_NAME = "$(TARGET_NAME)";
				SWIFT_EMIT_LOC_STRINGS = NO;
				SWIFT_VERSION = 5.0;
			};
			name = Debug;
		};
		83E5A3112B76C993008AE4B5 /* Release */ = {
			isa = XCBuildConfiguration;
			buildSettings = {
				CODE_SIGN_STYLE = Automatic;
				CURRENT_PROJECT_VERSION = 1;
				DEAD_CODE_STRIPPING = YES;
				DEVELOPMENT_TEAM = WZB5R9B92Y;
				GENERATE_INFOPLIST_FILE = YES;
				MACOSX_DEPLOYMENT_TARGET = 12.7.2;
				MARKETING_VERSION = 1.0;
				PRODUCT_BUNDLE_IDENTIFIER = co.id.aminfaruq.EssentialFeedAPIEndToEndTests;
				PRODUCT_NAME = "$(TARGET_NAME)";
				SWIFT_EMIT_LOC_STRINGS = NO;
				SWIFT_VERSION = 5.0;
			};
			name = Release;
		};
/* End XCBuildConfiguration section */

/* Begin XCConfigurationList section */
		369BB40D2BFCE1FC002F6D4A /* Build configuration list for PBXNativeTarget "EssentialFeedCacheInstegrationTests" */ = {
			isa = XCConfigurationList;
			buildConfigurations = (
				369BB40E2BFCE1FC002F6D4A /* Debug */,
				369BB40F2BFCE1FC002F6D4A /* Release */,
			);
			defaultConfigurationIsVisible = 0;
			defaultConfigurationName = Release;
		};
		833D54822B726A540006B7F8 /* Build configuration list for PBXProject "EssentialFeed" */ = {
			isa = XCConfigurationList;
			buildConfigurations = (
				833D54982B726A540006B7F8 /* Debug */,
				833D54992B726A540006B7F8 /* Release */,
			);
			defaultConfigurationIsVisible = 0;
			defaultConfigurationName = Release;
		};
		833D549A2B726A540006B7F8 /* Build configuration list for PBXNativeTarget "EssentialFeed" */ = {
			isa = XCConfigurationList;
			buildConfigurations = (
				833D549B2B726A540006B7F8 /* Debug */,
				833D549C2B726A540006B7F8 /* Release */,
			);
			defaultConfigurationIsVisible = 0;
			defaultConfigurationName = Release;
		};
		833D549D2B726A540006B7F8 /* Build configuration list for PBXNativeTarget "EssentialFeedTests" */ = {
			isa = XCConfigurationList;
			buildConfigurations = (
				833D549E2B726A540006B7F8 /* Debug */,
				833D549F2B726A540006B7F8 /* Release */,
			);
			defaultConfigurationIsVisible = 0;
			defaultConfigurationName = Release;
		};
		83E5A30F2B76C993008AE4B5 /* Build configuration list for PBXNativeTarget "EssentialFeedAPIEndToEndTests" */ = {
			isa = XCConfigurationList;
			buildConfigurations = (
				83E5A3102B76C993008AE4B5 /* Debug */,
				83E5A3112B76C993008AE4B5 /* Release */,
			);
			defaultConfigurationIsVisible = 0;
			defaultConfigurationName = Release;
		};
/* End XCConfigurationList section */

/* Begin XCVersionGroup section */
		369BB3FD2BFC7B5D002F6D4A /* FeedStore.xcdatamodeld */ = {
			isa = XCVersionGroup;
			children = (
				369BB3FE2BFC7B5D002F6D4A /* FeedStore.xcdatamodel */,
			);
			currentVersion = 369BB3FE2BFC7B5D002F6D4A /* FeedStore.xcdatamodel */;
			path = FeedStore.xcdatamodeld;
			sourceTree = "<group>";
			versionGroupType = wrapper.xcdatamodel;
		};
/* End XCVersionGroup section */
	};
	rootObject = 833D547F2B726A540006B7F8 /* Project object */;
}
